PODS:
  - CocoaLumberjack (2.0.0-beta4):
    - CocoaLumberjack/Default (= 2.0.0-beta4)
    - CocoaLumberjack/Extensions (= 2.0.0-beta4)
  - CocoaLumberjack/Core (2.0.0-beta4)
  - CocoaLumberjack/Default (2.0.0-beta4):
    - CocoaLumberjack/Core
  - CocoaLumberjack/Extensions (2.0.0-beta4):
    - CocoaLumberjack/Default
  - Realm (0.87.4):
    - Realm/Headers (= 0.87.4)
  - Realm/Headers (0.87.4)

DEPENDENCIES:
  - CocoaLumberjack (~> 2.0.0-beta4)
  - Realm (~> 0.87.4)

SPEC CHECKSUMS:
  CocoaLumberjack: 44fc4ab64ee7cb9703df5de6d5012cf917775938
  Realm: ead712133879619b1b3bb4ad9efbcb3b61076dbf

COCOAPODS: 0.37.1
